// !$*UTF8*$!
{
	archiveVersion = 1;
	classes = {
	};
	objectVersion = 51;
	objects = {

/* Begin PBXBuildFile section */
		BFF63BF71C907A3CAB2554D1 /* Pods_NEARWallet.framework in Frameworks */ = {isa = PBXBuildFile; fileRef = 831E5C40798864AA5EAD0F01 /* Pods_NEARWallet.framework */; };
		D58AC68624788AD20083D217 /* AppDelegate.swift in Sources */ = {isa = PBXBuildFile; fileRef = D58AC68524788AD20083D217 /* AppDelegate.swift */; };
		D58AC68824788AD20083D217 /* SceneDelegate.swift in Sources */ = {isa = PBXBuildFile; fileRef = D58AC68724788AD20083D217 /* SceneDelegate.swift */; };
		D58AC68A24788AD20083D217 /* ViewController.swift in Sources */ = {isa = PBXBuildFile; fileRef = D58AC68924788AD20083D217 /* ViewController.swift */; };
		D58AC68D24788AD20083D217 /* Main.storyboard in Resources */ = {isa = PBXBuildFile; fileRef = D58AC68B24788AD20083D217 /* Main.storyboard */; };
		D58AC68F24788AD70083D217 /* Assets.xcassets in Resources */ = {isa = PBXBuildFile; fileRef = D58AC68E24788AD70083D217 /* Assets.xcassets */; };
		D58AC69224788AD70083D217 /* LaunchScreen.storyboard in Resources */ = {isa = PBXBuildFile; fileRef = D58AC69024788AD70083D217 /* LaunchScreen.storyboard */; };
		D5A916DA24788E0000C8F805 /* WebKit.framework in Frameworks */ = {isa = PBXBuildFile; fileRef = D5A916D924788E0000C8F805 /* WebKit.framework */; };
/* End PBXBuildFile section */

/* Begin PBXFileReference section */
		422E3E32CC12CF8A885CFFDE /* Pods-NEARWallet.debug.xcconfig */ = {isa = PBXFileReference; includeInIndex = 1; lastKnownFileType = text.xcconfig; name = "Pods-NEARWallet.debug.xcconfig"; path = "Target Support Files/Pods-NEARWallet/Pods-NEARWallet.debug.xcconfig"; sourceTree = "<group>"; };
		831E5C40798864AA5EAD0F01 /* Pods_NEARWallet.framework */ = {isa = PBXFileReference; explicitFileType = wrapper.framework; includeInIndex = 0; path = Pods_NEARWallet.framework; sourceTree = BUILT_PRODUCTS_DIR; };
		D58AC68224788AD20083D217 /* NEAR Wallet.app */ = {isa = PBXFileReference; explicitFileType = wrapper.application; includeInIndex = 0; path = "NEAR Wallet.app"; sourceTree = BUILT_PRODUCTS_DIR; };
		D58AC68524788AD20083D217 /* AppDelegate.swift */ = {isa = PBXFileReference; lastKnownFileType = sourcecode.swift; path = AppDelegate.swift; sourceTree = "<group>"; };
		D58AC68724788AD20083D217 /* SceneDelegate.swift */ = {isa = PBXFileReference; lastKnownFileType = sourcecode.swift; path = SceneDelegate.swift; sourceTree = "<group>"; };
		D58AC68924788AD20083D217 /* ViewController.swift */ = {isa = PBXFileReference; lastKnownFileType = sourcecode.swift; path = ViewController.swift; sourceTree = "<group>"; };
		D58AC68C24788AD20083D217 /* Base */ = {isa = PBXFileReference; lastKnownFileType = file.storyboard; name = Base; path = Base.lproj/Main.storyboard; sourceTree = "<group>"; };
		D58AC68E24788AD70083D217 /* Assets.xcassets */ = {isa = PBXFileReference; lastKnownFileType = folder.assetcatalog; path = Assets.xcassets; sourceTree = "<group>"; };
		D58AC69124788AD70083D217 /* Base */ = {isa = PBXFileReference; lastKnownFileType = file.storyboard; name = Base; path = Base.lproj/LaunchScreen.storyboard; sourceTree = "<group>"; };
		D58AC69324788AD70083D217 /* Info.plist */ = {isa = PBXFileReference; lastKnownFileType = text.plist.xml; path = Info.plist; sourceTree = "<group>"; };
		D5A916D924788E0000C8F805 /* WebKit.framework */ = {isa = PBXFileReference; lastKnownFileType = wrapper.framework; name = WebKit.framework; path = System/Library/Frameworks/WebKit.framework; sourceTree = SDKROOT; };
		DB18DE3F44D34FA7C92B5EAF /* Pods-NEARWallet.release.xcconfig */ = {isa = PBXFileReference; includeInIndex = 1; lastKnownFileType = text.xcconfig; name = "Pods-NEARWallet.release.xcconfig"; path = "Target Support Files/Pods-NEARWallet/Pods-NEARWallet.release.xcconfig"; sourceTree = "<group>"; };
/* End PBXFileReference section */

/* Begin PBXFrameworksBuildPhase section */
		D58AC67F24788AD20083D217 /* Frameworks */ = {
			isa = PBXFrameworksBuildPhase;
			buildActionMask = 2147483647;
			files = (
				D5A916DA24788E0000C8F805 /* WebKit.framework in Frameworks */,
				BFF63BF71C907A3CAB2554D1 /* Pods_NEARWallet.framework in Frameworks */,
			);
			runOnlyForDeploymentPostprocessing = 0;
		};
/* End PBXFrameworksBuildPhase section */

/* Begin PBXGroup section */
		2A5495EEE8762FC524B93435 /* Pods */ = {
			isa = PBXGroup;
			children = (
				422E3E32CC12CF8A885CFFDE /* Pods-NEARWallet.debug.xcconfig */,
				DB18DE3F44D34FA7C92B5EAF /* Pods-NEARWallet.release.xcconfig */,
			);
			path = Pods;
			sourceTree = "<group>";
		};
		D58AC67924788AD20083D217 = {
			isa = PBXGroup;
			children = (
				D58AC68424788AD20083D217 /* NEARWallet */,
				D58AC68324788AD20083D217 /* Products */,
				D5A916D824788E0000C8F805 /* Frameworks */,
				2A5495EEE8762FC524B93435 /* Pods */,
			);
			sourceTree = "<group>";
		};
		D58AC68324788AD20083D217 /* Products */ = {
			isa = PBXGroup;
			children = (
				D58AC68224788AD20083D217 /* NEAR Wallet.app */,
			);
			name = Products;
			sourceTree = "<group>";
		};
		D58AC68424788AD20083D217 /* NEARWallet */ = {
			isa = PBXGroup;
			children = (
				D58AC68524788AD20083D217 /* AppDelegate.swift */,
				D58AC68724788AD20083D217 /* SceneDelegate.swift */,
				D58AC68924788AD20083D217 /* ViewController.swift */,
				D58AC68B24788AD20083D217 /* Main.storyboard */,
				D58AC68E24788AD70083D217 /* Assets.xcassets */,
				D58AC69024788AD70083D217 /* LaunchScreen.storyboard */,
				D58AC69324788AD70083D217 /* Info.plist */,
			);
			path = NEARWallet;
			sourceTree = "<group>";
		};
		D5A916D824788E0000C8F805 /* Frameworks */ = {
			isa = PBXGroup;
			children = (
				D5A916D924788E0000C8F805 /* WebKit.framework */,
				831E5C40798864AA5EAD0F01 /* Pods_NEARWallet.framework */,
			);
			name = Frameworks;
			sourceTree = "<group>";
		};
/* End PBXGroup section */

/* Begin PBXNativeTarget section */
		D58AC68124788AD20083D217 /* NEARWallet */ = {
			isa = PBXNativeTarget;
			buildConfigurationList = D58AC69624788AD70083D217 /* Build configuration list for PBXNativeTarget "NEARWallet" */;
			buildPhases = (
				6BE4E70A7B0CB0B77CD585F2 /* [CP] Check Pods Manifest.lock */,
				D58AC67E24788AD20083D217 /* Sources */,
				D58AC67F24788AD20083D217 /* Frameworks */,
				D58AC68024788AD20083D217 /* Resources */,
				9CDA3906CB784293F47F2284 /* [CP] Embed Pods Frameworks */,
			);
			buildRules = (
			);
			dependencies = (
			);
			name = NEARWallet;
			productName = NEARWallet;
			productReference = D58AC68224788AD20083D217 /* NEAR Wallet.app */;
			productType = "com.apple.product-type.application";
		};
/* End PBXNativeTarget section */

/* Begin PBXProject section */
		D58AC67A24788AD20083D217 /* Project object */ = {
			isa = PBXProject;
			attributes = {
				LastSwiftUpdateCheck = 1130;
				LastUpgradeCheck = 1130;
				ORGANIZATIONNAME = "NEAR Protocol";
				TargetAttributes = {
					D58AC68124788AD20083D217 = {
						CreatedOnToolsVersion = 11.3.1;
					};
				};
			};
			buildConfigurationList = D58AC67D24788AD20083D217 /* Build configuration list for PBXProject "NEARWallet" */;
			compatibilityVersion = "Xcode 9.3";
			developmentRegion = en;
			hasScannedForEncodings = 0;
			knownRegions = (
				en,
				Base,
			);
			mainGroup = D58AC67924788AD20083D217;
			productRefGroup = D58AC68324788AD20083D217 /* Products */;
			projectDirPath = "";
			projectRoot = "";
			targets = (
				D58AC68124788AD20083D217 /* NEARWallet */,
			);
		};
/* End PBXProject section */

/* Begin PBXResourcesBuildPhase section */
		D58AC68024788AD20083D217 /* Resources */ = {
			isa = PBXResourcesBuildPhase;
			buildActionMask = 2147483647;
			files = (
				D58AC69224788AD70083D217 /* LaunchScreen.storyboard in Resources */,
				D58AC68F24788AD70083D217 /* Assets.xcassets in Resources */,
				D58AC68D24788AD20083D217 /* Main.storyboard in Resources */,
			);
			runOnlyForDeploymentPostprocessing = 0;
		};
/* End PBXResourcesBuildPhase section */

/* Begin PBXShellScriptBuildPhase section */
		6BE4E70A7B0CB0B77CD585F2 /* [CP] Check Pods Manifest.lock */ = {
			isa = PBXShellScriptBuildPhase;
			buildActionMask = 2147483647;
			files = (
			);
			inputFileListPaths = (
			);
			inputPaths = (
				"${PODS_PODFILE_DIR_PATH}/Podfile.lock",
				"${PODS_ROOT}/Manifest.lock",
			);
			name = "[CP] Check Pods Manifest.lock";
			outputFileListPaths = (
			);
			outputPaths = (
				"$(DERIVED_FILE_DIR)/Pods-NEARWallet-checkManifestLockResult.txt",
			);
			runOnlyForDeploymentPostprocessing = 0;
			shellPath = /bin/sh;
			shellScript = "diff \"${PODS_PODFILE_DIR_PATH}/Podfile.lock\" \"${PODS_ROOT}/Manifest.lock\" > /dev/null\nif [ $? != 0 ] ; then\n    # print error to STDERR\n    echo \"error: The sandbox is not in sync with the Podfile.lock. Run 'pod install' or update your CocoaPods installation.\" >&2\n    exit 1\nfi\n# This output is used by Xcode 'outputs' to avoid re-running this script phase.\necho \"SUCCESS\" > \"${SCRIPT_OUTPUT_FILE_0}\"\n";
			showEnvVarsInLog = 0;
		};
		9CDA3906CB784293F47F2284 /* [CP] Embed Pods Frameworks */ = {
			isa = PBXShellScriptBuildPhase;
			buildActionMask = 2147483647;
			files = (
			);
			inputFileListPaths = (
				"${PODS_ROOT}/Target Support Files/Pods-NEARWallet/Pods-NEARWallet-frameworks-${CONFIGURATION}-input-files.xcfilelist",
			);
			name = "[CP] Embed Pods Frameworks";
			outputFileListPaths = (
				"${PODS_ROOT}/Target Support Files/Pods-NEARWallet/Pods-NEARWallet-frameworks-${CONFIGURATION}-output-files.xcfilelist",
			);
			runOnlyForDeploymentPostprocessing = 0;
			shellPath = /bin/sh;
			shellScript = "\"${PODS_ROOT}/Target Support Files/Pods-NEARWallet/Pods-NEARWallet-frameworks.sh\"\n";
			showEnvVarsInLog = 0;
		};
/* End PBXShellScriptBuildPhase section */

/* Begin PBXSourcesBuildPhase section */
		D58AC67E24788AD20083D217 /* Sources */ = {
			isa = PBXSourcesBuildPhase;
			buildActionMask = 2147483647;
			files = (
				D58AC68A24788AD20083D217 /* ViewController.swift in Sources */,
				D58AC68624788AD20083D217 /* AppDelegate.swift in Sources */,
				D58AC68824788AD20083D217 /* SceneDelegate.swift in Sources */,
			);
			runOnlyForDeploymentPostprocessing = 0;
		};
/* End PBXSourcesBuildPhase section */

/* Begin PBXVariantGroup section */
		D58AC68B24788AD20083D217 /* Main.storyboard */ = {
			isa = PBXVariantGroup;
			children = (
				D58AC68C24788AD20083D217 /* Base */,
			);
			name = Main.storyboard;
			sourceTree = "<group>";
		};
		D58AC69024788AD70083D217 /* LaunchScreen.storyboard */ = {
			isa = PBXVariantGroup;
			children = (
				D58AC69124788AD70083D217 /* Base */,
			);
			name = LaunchScreen.storyboard;
			sourceTree = "<group>";
		};
/* End PBXVariantGroup section */

/* Begin XCBuildConfiguration section */
		D58AC69424788AD70083D217 /* Debug */ = {
			isa = XCBuildConfiguration;
			buildSettings = {
				ALWAYS_SEARCH_USER_PATHS = NO;
				CLANG_ANALYZER_NONNULL = YES;
				CLANG_ANALYZER_NUMBER_OBJECT_CONVERSION = YES_AGGRESSIVE;
				CLANG_CXX_LANGUAGE_STANDARD = "gnu++14";
				CLANG_CXX_LIBRARY = "libc++";
				CLANG_ENABLE_MODULES = YES;
				CLANG_ENABLE_OBJC_ARC = YES;
				CLANG_ENABLE_OBJC_WEAK = YES;
				CLANG_WARN_BLOCK_CAPTURE_AUTORELEASING = YES;
				CLANG_WARN_BOOL_CONVERSION = YES;
				CLANG_WARN_COMMA = YES;
				CLANG_WARN_CONSTANT_CONVERSION = YES;
				CLANG_WARN_DEPRECATED_OBJC_IMPLEMENTATIONS = YES;
				CLANG_WARN_DIRECT_OBJC_ISA_USAGE = YES_ERROR;
				CLANG_WARN_DOCUMENTATION_COMMENTS = YES;
				CLANG_WARN_EMPTY_BODY = YES;
				CLANG_WARN_ENUM_CONVERSION = YES;
				CLANG_WARN_INFINITE_RECURSION = YES;
				CLANG_WARN_INT_CONVERSION = YES;
				CLANG_WARN_NON_LITERAL_NULL_CONVERSION = YES;
				CLANG_WARN_OBJC_IMPLICIT_RETAIN_SELF = YES;
				CLANG_WARN_OBJC_LITERAL_CONVERSION = YES;
				CLANG_WARN_OBJC_ROOT_CLASS = YES_ERROR;
				CLANG_WARN_RANGE_LOOP_ANALYSIS = YES;
				CLANG_WARN_STRICT_PROTOTYPES = YES;
				CLANG_WARN_SUSPICIOUS_MOVE = YES;
				CLANG_WARN_UNGUARDED_AVAILABILITY = YES_AGGRESSIVE;
				CLANG_WARN_UNREACHABLE_CODE = YES;
				CLANG_WARN__DUPLICATE_METHOD_MATCH = YES;
				COPY_PHASE_STRIP = NO;
				DEBUG_INFORMATION_FORMAT = dwarf;
				ENABLE_STRICT_OBJC_MSGSEND = YES;
				ENABLE_TESTABILITY = YES;
				GCC_C_LANGUAGE_STANDARD = gnu11;
				GCC_DYNAMIC_NO_PIC = NO;
				GCC_NO_COMMON_BLOCKS = YES;
				GCC_OPTIMIZATION_LEVEL = 0;
				GCC_PREPROCESSOR_DEFINITIONS = (
					"DEBUG=1",
					"$(inherited)",
				);
				GCC_WARN_64_TO_32_BIT_CONVERSION = YES;
				GCC_WARN_ABOUT_RETURN_TYPE = YES_ERROR;
				GCC_WARN_UNDECLARED_SELECTOR = YES;
				GCC_WARN_UNINITIALIZED_AUTOS = YES_AGGRESSIVE;
				GCC_WARN_UNUSED_FUNCTION = YES;
				GCC_WARN_UNUSED_VARIABLE = YES;
				IPHONEOS_DEPLOYMENT_TARGET = 13.2;
				MTL_ENABLE_DEBUG_INFO = INCLUDE_SOURCE;
				MTL_FAST_MATH = YES;
				ONLY_ACTIVE_ARCH = YES;
				SDKROOT = iphoneos;
				SWIFT_ACTIVE_COMPILATION_CONDITIONS = DEBUG;
				SWIFT_OPTIMIZATION_LEVEL = "-Onone";
			};
			name = Debug;
		};
		D58AC69524788AD70083D217 /* Release */ = {
			isa = XCBuildConfiguration;
			buildSettings = {
				ALWAYS_SEARCH_USER_PATHS = NO;
				CLANG_ANALYZER_NONNULL = YES;
				CLANG_ANALYZER_NUMBER_OBJECT_CONVERSION = YES_AGGRESSIVE;
				CLANG_CXX_LANGUAGE_STANDARD = "gnu++14";
				CLANG_CXX_LIBRARY = "libc++";
				CLANG_ENABLE_MODULES = YES;
				CLANG_ENABLE_OBJC_ARC = YES;
				CLANG_ENABLE_OBJC_WEAK = YES;
				CLANG_WARN_BLOCK_CAPTURE_AUTORELEASING = YES;
				CLANG_WARN_BOOL_CONVERSION = YES;
				CLANG_WARN_COMMA = YES;
				CLANG_WARN_CONSTANT_CONVERSION = YES;
				CLANG_WARN_DEPRECATED_OBJC_IMPLEMENTATIONS = YES;
				CLANG_WARN_DIRECT_OBJC_ISA_USAGE = YES_ERROR;
				CLANG_WARN_DOCUMENTATION_COMMENTS = YES;
				CLANG_WARN_EMPTY_BODY = YES;
				CLANG_WARN_ENUM_CONVERSION = YES;
				CLANG_WARN_INFINITE_RECURSION = YES;
				CLANG_WARN_INT_CONVERSION = YES;
				CLANG_WARN_NON_LITERAL_NULL_CONVERSION = YES;
				CLANG_WARN_OBJC_IMPLICIT_RETAIN_SELF = YES;
				CLANG_WARN_OBJC_LITERAL_CONVERSION = YES;
				CLANG_WARN_OBJC_ROOT_CLASS = YES_ERROR;
				CLANG_WARN_RANGE_LOOP_ANALYSIS = YES;
				CLANG_WARN_STRICT_PROTOTYPES = YES;
				CLANG_WARN_SUSPICIOUS_MOVE = YES;
				CLANG_WARN_UNGUARDED_AVAILABILITY = YES_AGGRESSIVE;
				CLANG_WARN_UNREACHABLE_CODE = YES;
				CLANG_WARN__DUPLICATE_METHOD_MATCH = YES;
				COPY_PHASE_STRIP = NO;
				DEBUG_INFORMATION_FORMAT = "dwarf-with-dsym";
				ENABLE_NS_ASSERTIONS = NO;
				ENABLE_STRICT_OBJC_MSGSEND = YES;
				GCC_C_LANGUAGE_STANDARD = gnu11;
				GCC_NO_COMMON_BLOCKS = YES;
				GCC_WARN_64_TO_32_BIT_CONVERSION = YES;
				GCC_WARN_ABOUT_RETURN_TYPE = YES_ERROR;
				GCC_WARN_UNDECLARED_SELECTOR = YES;
				GCC_WARN_UNINITIALIZED_AUTOS = YES_AGGRESSIVE;
				GCC_WARN_UNUSED_FUNCTION = YES;
				GCC_WARN_UNUSED_VARIABLE = YES;
				IPHONEOS_DEPLOYMENT_TARGET = 13.2;
				MTL_ENABLE_DEBUG_INFO = NO;
				MTL_FAST_MATH = YES;
				SDKROOT = iphoneos;
				SWIFT_COMPILATION_MODE = wholemodule;
				SWIFT_OPTIMIZATION_LEVEL = "-O";
				VALIDATE_PRODUCT = YES;
			};
			name = Release;
		};
		D58AC69724788AD70083D217 /* Debug */ = {
			isa = XCBuildConfiguration;
			baseConfigurationReference = 422E3E32CC12CF8A885CFFDE /* Pods-NEARWallet.debug.xcconfig */;
			buildSettings = {
				ASSETCATALOG_COMPILER_APPICON_NAME = AppIcon;
				CODE_SIGN_STYLE = Automatic;
				DEVELOPMENT_TEAM = 9532C74ZP2;
				INFOPLIST_FILE = NEARWallet/Info.plist;
				LD_RUNPATH_SEARCH_PATHS = (
					"$(inherited)",
					"@executable_path/Frameworks",
				);
				PRODUCT_BUNDLE_IDENTIFIER = com.nearprotocol.NEARWallet;
				PRODUCT_NAME = "NEAR Wallet";
				SWIFT_VERSION = 5.0;
				TARGETED_DEVICE_FAMILY = "1,2";
			};
			name = Debug;
		};
		D58AC69824788AD70083D217 /* Release */ = {
			isa = XCBuildConfiguration;
			baseConfigurationReference = DB18DE3F44D34FA7C92B5EAF /* Pods-NEARWallet.release.xcconfig */;
			buildSettings = {
				ASSETCATALOG_COMPILER_APPICON_NAME = AppIcon;
				CODE_SIGN_STYLE = Automatic;
				DEVELOPMENT_TEAM = 9532C74ZP2;
				INFOPLIST_FILE = NEARWallet/Info.plist;
				LD_RUNPATH_SEARCH_PATHS = (
					"$(inherited)",
					"@executable_path/Frameworks",
				);
				PRODUCT_BUNDLE_IDENTIFIER = com.nearprotocol.NEARWallet;
				PRODUCT_NAME = "NEAR Wallet";
				SWIFT_VERSION = 5.0;
				TARGETED_DEVICE_FAMILY = "1,2";
			};
			name = Release;
		};
/* End XCBuildConfiguration section */

/* Begin XCConfigurationList section */
		D58AC67D24788AD20083D217 /* Build configuration list for PBXProject "NEARWallet" */ = {
			isa = XCConfigurationList;
			buildConfigurations = (
				D58AC69424788AD70083D217 /* Debug */,
				D58AC69524788AD70083D217 /* Release */,
			);
			defaultConfigurationIsVisible = 0;
			defaultConfigurationName = Release;
		};
		D58AC69624788AD70083D217 /* Build configuration list for PBXNativeTarget "NEARWallet" */ = {
			isa = XCConfigurationList;
			buildConfigurations = (
				D58AC69724788AD70083D217 /* Debug */,
				D58AC69824788AD70083D217 /* Release */,
			);
			defaultConfigurationIsVisible = 0;
			defaultConfigurationName = Release;
		};
/* End XCConfigurationList section */
	};
	rootObject = D58AC67A24788AD20083D217 /* Project object */;
}
